// !$*UTF8*$!
{
	archiveVersion = 1;
	classes = {
	};
	objectVersion = 52;
	objects = {

/* Begin PBXBuildFile section */
		2210DAF72501569E00459603 /* AppDelegate.swift in Sources */ = {isa = PBXBuildFile; fileRef = 2210DAF62501569E00459603 /* AppDelegate.swift */; };
		2210DAF92501569E00459603 /* SceneDelegate.swift in Sources */ = {isa = PBXBuildFile; fileRef = 2210DAF82501569E00459603 /* SceneDelegate.swift */; };
		2210DAFB2501569E00459603 /* ContentView.swift in Sources */ = {isa = PBXBuildFile; fileRef = 2210DAFA2501569E00459603 /* ContentView.swift */; };
		2210DAFD250156A300459603 /* Assets.xcassets in Resources */ = {isa = PBXBuildFile; fileRef = 2210DAFC250156A300459603 /* Assets.xcassets */; };
		2210DB00250156A300459603 /* Preview Assets.xcassets in Resources */ = {isa = PBXBuildFile; fileRef = 2210DAFF250156A300459603 /* Preview Assets.xcassets */; };
		2210DB03250156A300459603 /* LaunchScreen.storyboard in Resources */ = {isa = PBXBuildFile; fileRef = 2210DB01250156A300459603 /* LaunchScreen.storyboard */; };
		2210DB0C25015A0100459603 /* CompanyListView.swift in Sources */ = {isa = PBXBuildFile; fileRef = 2210DB0B25015A0100459603 /* CompanyListView.swift */; };
		2210DB0E25015C5700459603 /* CompanyDetailsView.swift in Sources */ = {isa = PBXBuildFile; fileRef = 2210DB0D25015C5600459603 /* CompanyDetailsView.swift */; };
		2210DB1025015D7E00459603 /* LatestPriceView.swift in Sources */ = {isa = PBXBuildFile; fileRef = 2210DB0F25015D7E00459603 /* LatestPriceView.swift */; };
		2210DB1425015DB100459603 /* MySharesView.swift in Sources */ = {isa = PBXBuildFile; fileRef = 2210DB1325015DB100459603 /* MySharesView.swift */; };
		2210DB172501605E00459603 /* LatestPrice.swift in Sources */ = {isa = PBXBuildFile; fileRef = 2210DB162501605E00459603 /* LatestPrice.swift */; };
		2210DB1D250162A100459603 /* LatestPriceProvider.swift in Sources */ = {isa = PBXBuildFile; fileRef = 2210DB1C250162A100459603 /* LatestPriceProvider.swift */; };
		2210DB21250174A200459603 /* CompanyList.swift in Sources */ = {isa = PBXBuildFile; fileRef = 2210DB20250174A200459603 /* CompanyList.swift */; };
		2210DB23250174FD00459603 /* CompanyListProvider.swift in Sources */ = {isa = PBXBuildFile; fileRef = 2210DB22250174FD00459603 /* CompanyListProvider.swift */; };
		2210DB2625026B7F00459603 /* LatestPriceRow.swift in Sources */ = {isa = PBXBuildFile; fileRef = 2210DB2525026B7F00459603 /* LatestPriceRow.swift */; };
		2210DB2825026BE800459603 /* LatestPriceHeader.swift in Sources */ = {isa = PBXBuildFile; fileRef = 2210DB2725026BE800459603 /* LatestPriceHeader.swift */; };
		2210DB2D25026F8100459603 /* SQLite in Frameworks */ = {isa = PBXBuildFile; productRef = 2210DB2C25026F8100459603 /* SQLite */; };
		2210DB3125026FAA00459603 /* MySharesDatabase.swift in Sources */ = {isa = PBXBuildFile; fileRef = 2210DB3025026FAA00459603 /* MySharesDatabase.swift */; };
		2210DB332502733B00459603 /* MyShare.swift in Sources */ = {isa = PBXBuildFile; fileRef = 2210DB322502733B00459603 /* MyShare.swift */; };
		2210DB35250277FF00459603 /* CompanyDetailsProvider.swift in Sources */ = {isa = PBXBuildFile; fileRef = 2210DB34250277FF00459603 /* CompanyDetailsProvider.swift */; };
		2210DB372502781800459603 /* CompanyDetails.swift in Sources */ = {isa = PBXBuildFile; fileRef = 2210DB362502781800459603 /* CompanyDetails.swift */; };
		2210DB3A25027C5400459603 /* ActivityIndicator.swift in Sources */ = {isa = PBXBuildFile; fileRef = 2210DB3925027C5400459603 /* ActivityIndicator.swift */; };
		2210DB3C2502800400459603 /* BasicInfoView.swift in Sources */ = {isa = PBXBuildFile; fileRef = 2210DB3B2502800400459603 /* BasicInfoView.swift */; };
		2210DB3E2502825C00459603 /* MarketInfoView.swift in Sources */ = {isa = PBXBuildFile; fileRef = 2210DB3D2502825C00459603 /* MarketInfoView.swift */; };
		2210DB40250285F600459603 /* AddShareView.swift in Sources */ = {isa = PBXBuildFile; fileRef = 2210DB3F250285F600459603 /* AddShareView.swift */; };
		226489C1250298AA006E5C61 /* MySharesRow.swift in Sources */ = {isa = PBXBuildFile; fileRef = 226489C0250298AA006E5C61 /* MySharesRow.swift */; };
		226489C325029B25006E5C61 /* MySharesHeader.swift in Sources */ = {isa = PBXBuildFile; fileRef = 226489C225029B25006E5C61 /* MySharesHeader.swift */; };
		226489C52502A394006E5C61 /* ProfitLossView.swift in Sources */ = {isa = PBXBuildFile; fileRef = 226489C42502A394006E5C61 /* ProfitLossView.swift */; };
		226489C72502A61E006E5C61 /* SharePriceProvider.swift in Sources */ = {isa = PBXBuildFile; fileRef = 226489C62502A61E006E5C61 /* SharePriceProvider.swift */; };
		226489C92502A758006E5C61 /* ProfitLossRow.swift in Sources */ = {isa = PBXBuildFile; fileRef = 226489C82502A758006E5C61 /* ProfitLossRow.swift */; };
		226489CB2502AED9006E5C61 /* CompanyDataProvider.swift in Sources */ = {isa = PBXBuildFile; fileRef = 226489CA2502AED9006E5C61 /* CompanyDataProvider.swift */; };
		226489D02502BCC1006E5C61 /* GraphView.swift in Sources */ = {isa = PBXBuildFile; fileRef = 226489CF2502BCC1006E5C61 /* GraphView.swift */; };
		226489D22502BD7F006E5C61 /* CData.swift in Sources */ = {isa = PBXBuildFile; fileRef = 226489D12502BD7F006E5C61 /* CData.swift */; };
		226489D52502C36C006E5C61 /* SwiftUICharts in Frameworks */ = {isa = PBXBuildFile; productRef = 226489D42502C36C006E5C61 /* SwiftUICharts */; };
/* End PBXBuildFile section */

/* Begin PBXFileReference section */
		2210DAF32501569E00459603 /* DSExchange.app */ = {isa = PBXFileReference; explicitFileType = wrapper.application; includeInIndex = 0; path = DSExchange.app; sourceTree = BUILT_PRODUCTS_DIR; };
		2210DAF62501569E00459603 /* AppDelegate.swift */ = {isa = PBXFileReference; lastKnownFileType = sourcecode.swift; path = AppDelegate.swift; sourceTree = "<group>"; };
		2210DAF82501569E00459603 /* SceneDelegate.swift */ = {isa = PBXFileReference; lastKnownFileType = sourcecode.swift; path = SceneDelegate.swift; sourceTree = "<group>"; };
		2210DAFA2501569E00459603 /* ContentView.swift */ = {isa = PBXFileReference; lastKnownFileType = sourcecode.swift; path = ContentView.swift; sourceTree = "<group>"; };
		2210DAFC250156A300459603 /* Assets.xcassets */ = {isa = PBXFileReference; lastKnownFileType = folder.assetcatalog; path = Assets.xcassets; sourceTree = "<group>"; };
		2210DAFF250156A300459603 /* Preview Assets.xcassets */ = {isa = PBXFileReference; lastKnownFileType = folder.assetcatalog; path = "Preview Assets.xcassets"; sourceTree = "<group>"; };
		2210DB02250156A300459603 /* Base */ = {isa = PBXFileReference; lastKnownFileType = file.storyboard; name = Base; path = Base.lproj/LaunchScreen.storyboard; sourceTree = "<group>"; };
		2210DB04250156A300459603 /* Info.plist */ = {isa = PBXFileReference; lastKnownFileType = text.plist.xml; path = Info.plist; sourceTree = "<group>"; };
		2210DB0A250158D400459603 /* DSExchange.entitlements */ = {isa = PBXFileReference; lastKnownFileType = text.plist.entitlements; path = DSExchange.entitlements; sourceTree = "<group>"; };
		2210DB0B25015A0100459603 /* CompanyListView.swift */ = {isa = PBXFileReference; lastKnownFileType = sourcecode.swift; path = CompanyListView.swift; sourceTree = "<group>"; };
		2210DB0D25015C5600459603 /* CompanyDetailsView.swift */ = {isa = PBXFileReference; lastKnownFileType = sourcecode.swift; path = CompanyDetailsView.swift; sourceTree = "<group>"; };
		2210DB0F25015D7E00459603 /* LatestPriceView.swift */ = {isa = PBXFileReference; lastKnownFileType = sourcecode.swift; path = LatestPriceView.swift; sourceTree = "<group>"; };
		2210DB1325015DB100459603 /* MySharesView.swift */ = {isa = PBXFileReference; lastKnownFileType = sourcecode.swift; path = MySharesView.swift; sourceTree = "<group>"; };
		2210DB162501605E00459603 /* LatestPrice.swift */ = {isa = PBXFileReference; lastKnownFileType = sourcecode.swift; path = LatestPrice.swift; sourceTree = "<group>"; };
		2210DB1C250162A100459603 /* LatestPriceProvider.swift */ = {isa = PBXFileReference; lastKnownFileType = sourcecode.swift; path = LatestPriceProvider.swift; sourceTree = "<group>"; };
		2210DB20250174A200459603 /* CompanyList.swift */ = {isa = PBXFileReference; lastKnownFileType = sourcecode.swift; path = CompanyList.swift; sourceTree = "<group>"; };
		2210DB22250174FD00459603 /* CompanyListProvider.swift */ = {isa = PBXFileReference; lastKnownFileType = sourcecode.swift; path = CompanyListProvider.swift; sourceTree = "<group>"; };
		2210DB2525026B7F00459603 /* LatestPriceRow.swift */ = {isa = PBXFileReference; lastKnownFileType = sourcecode.swift; path = LatestPriceRow.swift; sourceTree = "<group>"; };
		2210DB2725026BE800459603 /* LatestPriceHeader.swift */ = {isa = PBXFileReference; lastKnownFileType = sourcecode.swift; path = LatestPriceHeader.swift; sourceTree = "<group>"; };
		2210DB3025026FAA00459603 /* MySharesDatabase.swift */ = {isa = PBXFileReference; lastKnownFileType = sourcecode.swift; path = MySharesDatabase.swift; sourceTree = "<group>"; };
		2210DB322502733B00459603 /* MyShare.swift */ = {isa = PBXFileReference; lastKnownFileType = sourcecode.swift; path = MyShare.swift; sourceTree = "<group>"; };
		2210DB34250277FF00459603 /* CompanyDetailsProvider.swift */ = {isa = PBXFileReference; lastKnownFileType = sourcecode.swift; path = CompanyDetailsProvider.swift; sourceTree = "<group>"; };
		2210DB362502781800459603 /* CompanyDetails.swift */ = {isa = PBXFileReference; lastKnownFileType = sourcecode.swift; path = CompanyDetails.swift; sourceTree = "<group>"; };
		2210DB3925027C5400459603 /* ActivityIndicator.swift */ = {isa = PBXFileReference; lastKnownFileType = sourcecode.swift; path = ActivityIndicator.swift; sourceTree = "<group>"; };
		2210DB3B2502800400459603 /* BasicInfoView.swift */ = {isa = PBXFileReference; lastKnownFileType = sourcecode.swift; path = BasicInfoView.swift; sourceTree = "<group>"; };
		2210DB3D2502825C00459603 /* MarketInfoView.swift */ = {isa = PBXFileReference; lastKnownFileType = sourcecode.swift; path = MarketInfoView.swift; sourceTree = "<group>"; };
		2210DB3F250285F600459603 /* AddShareView.swift */ = {isa = PBXFileReference; lastKnownFileType = sourcecode.swift; path = AddShareView.swift; sourceTree = "<group>"; };
		226489C0250298AA006E5C61 /* MySharesRow.swift */ = {isa = PBXFileReference; lastKnownFileType = sourcecode.swift; path = MySharesRow.swift; sourceTree = "<group>"; };
		226489C225029B25006E5C61 /* MySharesHeader.swift */ = {isa = PBXFileReference; lastKnownFileType = sourcecode.swift; path = MySharesHeader.swift; sourceTree = "<group>"; };
		226489C42502A394006E5C61 /* ProfitLossView.swift */ = {isa = PBXFileReference; lastKnownFileType = sourcecode.swift; path = ProfitLossView.swift; sourceTree = "<group>"; };
		226489C62502A61E006E5C61 /* SharePriceProvider.swift */ = {isa = PBXFileReference; lastKnownFileType = sourcecode.swift; path = SharePriceProvider.swift; sourceTree = "<group>"; };
		226489C82502A758006E5C61 /* ProfitLossRow.swift */ = {isa = PBXFileReference; lastKnownFileType = sourcecode.swift; path = ProfitLossRow.swift; sourceTree = "<group>"; };
		226489CA2502AED9006E5C61 /* CompanyDataProvider.swift */ = {isa = PBXFileReference; lastKnownFileType = sourcecode.swift; path = CompanyDataProvider.swift; sourceTree = "<group>"; };
		226489CF2502BCC1006E5C61 /* GraphView.swift */ = {isa = PBXFileReference; lastKnownFileType = sourcecode.swift; path = GraphView.swift; sourceTree = "<group>"; };
		226489D12502BD7F006E5C61 /* CData.swift */ = {isa = PBXFileReference; lastKnownFileType = sourcecode.swift; path = CData.swift; sourceTree = "<group>"; };
/* End PBXFileReference section */

/* Begin PBXFrameworksBuildPhase section */
		2210DAF02501569E00459603 /* Frameworks */ = {
			isa = PBXFrameworksBuildPhase;
			buildActionMask = 2147483647;
			files = (
				2210DB2D25026F8100459603 /* SQLite in Frameworks */,
				226489D52502C36C006E5C61 /* SwiftUICharts in Frameworks */,
			);
			runOnlyForDeploymentPostprocessing = 0;
		};
/* End PBXFrameworksBuildPhase section */

/* Begin PBXGroup section */
		2210DAEA2501569E00459603 = {
			isa = PBXGroup;
			children = (
				2210DAF52501569E00459603 /* DSExchange */,
				2210DAF42501569E00459603 /* Products */,
			);
			sourceTree = "<group>";
		};
		2210DAF42501569E00459603 /* Products */ = {
			isa = PBXGroup;
			children = (
				2210DAF32501569E00459603 /* DSExchange.app */,
			);
			name = Products;
			sourceTree = "<group>";
		};
		2210DAF52501569E00459603 /* DSExchange */ = {
			isa = PBXGroup;
			children = (
				2210DB3825027C3800459603 /* UIKitIntegration */,
				2210DB2425026B6A00459603 /* SupportingViews */,
				2210DB1B2501628D00459603 /* Controller */,
				2210DB152501604A00459603 /* Model */,
				2210DB0A250158D400459603 /* DSExchange.entitlements */,
				2210DAF62501569E00459603 /* AppDelegate.swift */,
				2210DAF82501569E00459603 /* SceneDelegate.swift */,
				2210DAFA2501569E00459603 /* ContentView.swift */,
				2210DAFC250156A300459603 /* Assets.xcassets */,
				2210DB01250156A300459603 /* LaunchScreen.storyboard */,
				2210DB04250156A300459603 /* Info.plist */,
				2210DAFE250156A300459603 /* Preview Content */,
				2210DB0B25015A0100459603 /* CompanyListView.swift */,
				2210DB0D25015C5600459603 /* CompanyDetailsView.swift */,
				2210DB0F25015D7E00459603 /* LatestPriceView.swift */,
				2210DB1325015DB100459603 /* MySharesView.swift */,
				226489C42502A394006E5C61 /* ProfitLossView.swift */,
			);
			path = DSExchange;
			sourceTree = "<group>";
		};
		2210DAFE250156A300459603 /* Preview Content */ = {
			isa = PBXGroup;
			children = (
				2210DAFF250156A300459603 /* Preview Assets.xcassets */,
			);
			path = "Preview Content";
			sourceTree = "<group>";
		};
		2210DB152501604A00459603 /* Model */ = {
			isa = PBXGroup;
			children = (
				2210DB162501605E00459603 /* LatestPrice.swift */,
				2210DB20250174A200459603 /* CompanyList.swift */,
				2210DB322502733B00459603 /* MyShare.swift */,
				2210DB362502781800459603 /* CompanyDetails.swift */,
				226489D12502BD7F006E5C61 /* CData.swift */,
			);
			path = Model;
			sourceTree = "<group>";
		};
		2210DB1B2501628D00459603 /* Controller */ = {
			isa = PBXGroup;
			children = (
				2210DB1C250162A100459603 /* LatestPriceProvider.swift */,
				2210DB22250174FD00459603 /* CompanyListProvider.swift */,
				2210DB3025026FAA00459603 /* MySharesDatabase.swift */,
				2210DB34250277FF00459603 /* CompanyDetailsProvider.swift */,
				226489C62502A61E006E5C61 /* SharePriceProvider.swift */,
				226489CA2502AED9006E5C61 /* CompanyDataProvider.swift */,
			);
			path = Controller;
			sourceTree = "<group>";
		};
		2210DB2425026B6A00459603 /* SupportingViews */ = {
			isa = PBXGroup;
			children = (
				2210DB2525026B7F00459603 /* LatestPriceRow.swift */,
				2210DB2725026BE800459603 /* LatestPriceHeader.swift */,
				2210DB3B2502800400459603 /* BasicInfoView.swift */,
				2210DB3D2502825C00459603 /* MarketInfoView.swift */,
				2210DB3F250285F600459603 /* AddShareView.swift */,
				226489C0250298AA006E5C61 /* MySharesRow.swift */,
				226489C225029B25006E5C61 /* MySharesHeader.swift */,
				226489C82502A758006E5C61 /* ProfitLossRow.swift */,
				226489CF2502BCC1006E5C61 /* GraphView.swift */,
			);
			path = SupportingViews;
			sourceTree = "<group>";
		};
		2210DB3825027C3800459603 /* UIKitIntegration */ = {
			isa = PBXGroup;
			children = (
				2210DB3925027C5400459603 /* ActivityIndicator.swift */,
			);
			path = UIKitIntegration;
			sourceTree = "<group>";
		};
/* End PBXGroup section */

/* Begin PBXNativeTarget section */
		2210DAF22501569E00459603 /* DSExchange */ = {
			isa = PBXNativeTarget;
			buildConfigurationList = 2210DB07250156A300459603 /* Build configuration list for PBXNativeTarget "DSExchange" */;
			buildPhases = (
				2210DAEF2501569E00459603 /* Sources */,
				2210DAF02501569E00459603 /* Frameworks */,
				2210DAF12501569E00459603 /* Resources */,
			);
			buildRules = (
			);
			dependencies = (
			);
			name = DSExchange;
			packageProductDependencies = (
				2210DB2C25026F8100459603 /* SQLite */,
				226489D42502C36C006E5C61 /* SwiftUICharts */,
			);
			productName = DSExchange;
			productReference = 2210DAF32501569E00459603 /* DSExchange.app */;
			productType = "com.apple.product-type.application";
		};
/* End PBXNativeTarget section */

/* Begin PBXProject section */
		2210DAEB2501569E00459603 /* Project object */ = {
			isa = PBXProject;
			attributes = {
				LastSwiftUpdateCheck = 1160;
				LastUpgradeCheck = 1160;
				ORGANIZATIONNAME = "Shanjinur Islam";
				TargetAttributes = {
					2210DAF22501569E00459603 = {
						CreatedOnToolsVersion = 11.6;
					};
				};
			};
			buildConfigurationList = 2210DAEE2501569E00459603 /* Build configuration list for PBXProject "DSExchange" */;
			compatibilityVersion = "Xcode 9.3";
			developmentRegion = en;
			hasScannedForEncodings = 0;
			knownRegions = (
				en,
				Base,
			);
			mainGroup = 2210DAEA2501569E00459603;
			packageReferences = (
				2210DB2B25026F8100459603 /* XCRemoteSwiftPackageReference "SQLite.swift" */,
				226489D32502C36C006E5C61 /* XCRemoteSwiftPackageReference "ChartView" */,
			);
			productRefGroup = 2210DAF42501569E00459603 /* Products */;
			projectDirPath = "";
			projectRoot = "";
			targets = (
				2210DAF22501569E00459603 /* DSExchange */,
			);
		};
/* End PBXProject section */

/* Begin PBXResourcesBuildPhase section */
		2210DAF12501569E00459603 /* Resources */ = {
			isa = PBXResourcesBuildPhase;
			buildActionMask = 2147483647;
			files = (
				2210DB03250156A300459603 /* LaunchScreen.storyboard in Resources */,
				2210DB00250156A300459603 /* Preview Assets.xcassets in Resources */,
				2210DAFD250156A300459603 /* Assets.xcassets in Resources */,
			);
			runOnlyForDeploymentPostprocessing = 0;
		};
/* End PBXResourcesBuildPhase section */

/* Begin PBXSourcesBuildPhase section */
		2210DAEF2501569E00459603 /* Sources */ = {
			isa = PBXSourcesBuildPhase;
			buildActionMask = 2147483647;
			files = (
				226489C325029B25006E5C61 /* MySharesHeader.swift in Sources */,
				2210DAF72501569E00459603 /* AppDelegate.swift in Sources */,
				2210DB332502733B00459603 /* MyShare.swift in Sources */,
				226489C72502A61E006E5C61 /* SharePriceProvider.swift in Sources */,
				2210DB3A25027C5400459603 /* ActivityIndicator.swift in Sources */,
				2210DB172501605E00459603 /* LatestPrice.swift in Sources */,
				226489C1250298AA006E5C61 /* MySharesRow.swift in Sources */,
				2210DB40250285F600459603 /* AddShareView.swift in Sources */,
				2210DAF92501569E00459603 /* SceneDelegate.swift in Sources */,
				226489C92502A758006E5C61 /* ProfitLossRow.swift in Sources */,
				2210DB0C25015A0100459603 /* CompanyListView.swift in Sources */,
				226489D22502BD7F006E5C61 /* CData.swift in Sources */,
				2210DB21250174A200459603 /* CompanyList.swift in Sources */,
				2210DB372502781800459603 /* CompanyDetails.swift in Sources */,
				2210DB3C2502800400459603 /* BasicInfoView.swift in Sources */,
				2210DB1D250162A100459603 /* LatestPriceProvider.swift in Sources */,
				2210DB3E2502825C00459603 /* MarketInfoView.swift in Sources */,
				2210DB35250277FF00459603 /* CompanyDetailsProvider.swift in Sources */,
				226489C52502A394006E5C61 /* ProfitLossView.swift in Sources */,
				2210DB3125026FAA00459603 /* MySharesDatabase.swift in Sources */,
				2210DB2625026B7F00459603 /* LatestPriceRow.swift in Sources */,
				2210DB2825026BE800459603 /* LatestPriceHeader.swift in Sources */,
				2210DB1425015DB100459603 /* MySharesView.swift in Sources */,
				2210DB1025015D7E00459603 /* LatestPriceView.swift in Sources */,
				226489D02502BCC1006E5C61 /* GraphView.swift in Sources */,
				226489CB2502AED9006E5C61 /* CompanyDataProvider.swift in Sources */,
				2210DB0E25015C5700459603 /* CompanyDetailsView.swift in Sources */,
				2210DB23250174FD00459603 /* CompanyListProvider.swift in Sources */,
				2210DAFB2501569E00459603 /* ContentView.swift in Sources */,
			);
			runOnlyForDeploymentPostprocessing = 0;
		};
/* End PBXSourcesBuildPhase section */

/* Begin PBXVariantGroup section */
		2210DB01250156A300459603 /* LaunchScreen.storyboard */ = {
			isa = PBXVariantGroup;
			children = (
				2210DB02250156A300459603 /* Base */,
			);
			name = LaunchScreen.storyboard;
			sourceTree = "<group>";
		};
/* End PBXVariantGroup section */

/* Begin XCBuildConfiguration section */
		2210DB05250156A300459603 /* Debug */ = {
			isa = XCBuildConfiguration;
			buildSettings = {
				ALWAYS_SEARCH_USER_PATHS = NO;
				CLANG_ANALYZER_NONNULL = YES;
				CLANG_ANALYZER_NUMBER_OBJECT_CONVERSION = YES_AGGRESSIVE;
				CLANG_CXX_LANGUAGE_STANDARD = "gnu++14";
				CLANG_CXX_LIBRARY = "libc++";
				CLANG_ENABLE_MODULES = YES;
				CLANG_ENABLE_OBJC_ARC = YES;
				CLANG_ENABLE_OBJC_WEAK = YES;
				CLANG_WARN_BLOCK_CAPTURE_AUTORELEASING = YES;
				CLANG_WARN_BOOL_CONVERSION = YES;
				CLANG_WARN_COMMA = YES;
				CLANG_WARN_CONSTANT_CONVERSION = YES;
				CLANG_WARN_DEPRECATED_OBJC_IMPLEMENTATIONS = YES;
				CLANG_WARN_DIRECT_OBJC_ISA_USAGE = YES_ERROR;
				CLANG_WARN_DOCUMENTATION_COMMENTS = YES;
				CLANG_WARN_EMPTY_BODY = YES;
				CLANG_WARN_ENUM_CONVERSION = YES;
				CLANG_WARN_INFINITE_RECURSION = YES;
				CLANG_WARN_INT_CONVERSION = YES;
				CLANG_WARN_NON_LITERAL_NULL_CONVERSION = YES;
				CLANG_WARN_OBJC_IMPLICIT_RETAIN_SELF = YES;
				CLANG_WARN_OBJC_LITERAL_CONVERSION = YES;
				CLANG_WARN_OBJC_ROOT_CLASS = YES_ERROR;
				CLANG_WARN_RANGE_LOOP_ANALYSIS = YES;
				CLANG_WARN_STRICT_PROTOTYPES = YES;
				CLANG_WARN_SUSPICIOUS_MOVE = YES;
				CLANG_WARN_UNGUARDED_AVAILABILITY = YES_AGGRESSIVE;
				CLANG_WARN_UNREACHABLE_CODE = YES;
				CLANG_WARN__DUPLICATE_METHOD_MATCH = YES;
				COPY_PHASE_STRIP = NO;
				DEBUG_INFORMATION_FORMAT = dwarf;
				ENABLE_STRICT_OBJC_MSGSEND = YES;
				ENABLE_TESTABILITY = YES;
				GCC_C_LANGUAGE_STANDARD = gnu11;
				GCC_DYNAMIC_NO_PIC = NO;
				GCC_NO_COMMON_BLOCKS = YES;
				GCC_OPTIMIZATION_LEVEL = 0;
				GCC_PREPROCESSOR_DEFINITIONS = (
					"DEBUG=1",
					"$(inherited)",
				);
				GCC_WARN_64_TO_32_BIT_CONVERSION = YES;
				GCC_WARN_ABOUT_RETURN_TYPE = YES_ERROR;
				GCC_WARN_UNDECLARED_SELECTOR = YES;
				GCC_WARN_UNINITIALIZED_AUTOS = YES_AGGRESSIVE;
				GCC_WARN_UNUSED_FUNCTION = YES;
				GCC_WARN_UNUSED_VARIABLE = YES;
				IPHONEOS_DEPLOYMENT_TARGET = 13.6;
				MTL_ENABLE_DEBUG_INFO = INCLUDE_SOURCE;
				MTL_FAST_MATH = YES;
				ONLY_ACTIVE_ARCH = YES;
				SDKROOT = iphoneos;
				SWIFT_ACTIVE_COMPILATION_CONDITIONS = DEBUG;
				SWIFT_OPTIMIZATION_LEVEL = "-Onone";
			};
			name = Debug;
		};
		2210DB06250156A300459603 /* Release */ = {
			isa = XCBuildConfiguration;
			buildSettings = {
				ALWAYS_SEARCH_USER_PATHS = NO;
				CLANG_ANALYZER_NONNULL = YES;
				CLANG_ANALYZER_NUMBER_OBJECT_CONVERSION = YES_AGGRESSIVE;
				CLANG_CXX_LANGUAGE_STANDARD = "gnu++14";
				CLANG_CXX_LIBRARY = "libc++";
				CLANG_ENABLE_MODULES = YES;
				CLANG_ENABLE_OBJC_ARC = YES;
				CLANG_ENABLE_OBJC_WEAK = YES;
				CLANG_WARN_BLOCK_CAPTURE_AUTORELEASING = YES;
				CLANG_WARN_BOOL_CONVERSION = YES;
				CLANG_WARN_COMMA = YES;
				CLANG_WARN_CONSTANT_CONVERSION = YES;
				CLANG_WARN_DEPRECATED_OBJC_IMPLEMENTATIONS = YES;
				CLANG_WARN_DIRECT_OBJC_ISA_USAGE = YES_ERROR;
				CLANG_WARN_DOCUMENTATION_COMMENTS = YES;
				CLANG_WARN_EMPTY_BODY = YES;
				CLANG_WARN_ENUM_CONVERSION = YES;
				CLANG_WARN_INFINITE_RECURSION = YES;
				CLANG_WARN_INT_CONVERSION = YES;
				CLANG_WARN_NON_LITERAL_NULL_CONVERSION = YES;
				CLANG_WARN_OBJC_IMPLICIT_RETAIN_SELF = YES;
				CLANG_WARN_OBJC_LITERAL_CONVERSION = YES;
				CLANG_WARN_OBJC_ROOT_CLASS = YES_ERROR;
				CLANG_WARN_RANGE_LOOP_ANALYSIS = YES;
				CLANG_WARN_STRICT_PROTOTYPES = YES;
				CLANG_WARN_SUSPICIOUS_MOVE = YES;
				CLANG_WARN_UNGUARDED_AVAILABILITY = YES_AGGRESSIVE;
				CLANG_WARN_UNREACHABLE_CODE = YES;
				CLANG_WARN__DUPLICATE_METHOD_MATCH = YES;
				COPY_PHASE_STRIP = NO;
				DEBUG_INFORMATION_FORMAT = "dwarf-with-dsym";
				ENABLE_NS_ASSERTIONS = NO;
				ENABLE_STRICT_OBJC_MSGSEND = YES;
				GCC_C_LANGUAGE_STANDARD = gnu11;
				GCC_NO_COMMON_BLOCKS = YES;
				GCC_WARN_64_TO_32_BIT_CONVERSION = YES;
				GCC_WARN_ABOUT_RETURN_TYPE = YES_ERROR;
				GCC_WARN_UNDECLARED_SELECTOR = YES;
				GCC_WARN_UNINITIALIZED_AUTOS = YES_AGGRESSIVE;
				GCC_WARN_UNUSED_FUNCTION = YES;
				GCC_WARN_UNUSED_VARIABLE = YES;
				IPHONEOS_DEPLOYMENT_TARGET = 13.6;
				MTL_ENABLE_DEBUG_INFO = NO;
				MTL_FAST_MATH = YES;
				SDKROOT = iphoneos;
				SWIFT_COMPILATION_MODE = wholemodule;
				SWIFT_OPTIMIZATION_LEVEL = "-O";
				VALIDATE_PRODUCT = YES;
			};
			name = Release;
		};
		2210DB08250156A300459603 /* Debug */ = {
			isa = XCBuildConfiguration;
			buildSettings = {
				ASSETCATALOG_COMPILER_APPICON_NAME = AppIcon;
				CODE_SIGN_ENTITLEMENTS = DSExchange/DSExchange.entitlements;
				CODE_SIGN_STYLE = Automatic;
				DEVELOPMENT_ASSET_PATHS = "\"DSExchange/Preview Content\"";
				DEVELOPMENT_TEAM = 95TGYLRZP6;
				ENABLE_PREVIEWS = YES;
				INFOPLIST_FILE = DSExchange/Info.plist;
				IPHONEOS_DEPLOYMENT_TARGET = 13.0;
				LD_RUNPATH_SEARCH_PATHS = (
					"$(inherited)",
					"@executable_path/Frameworks",
				);
				PRODUCT_BUNDLE_IDENTIFIER = com.shanjinur.DSExchange;
				PRODUCT_NAME = "$(TARGET_NAME)";
				SUPPORTS_MACCATALYST = NO;
				SWIFT_VERSION = 5.0;
				TARGETED_DEVICE_FAMILY = 2;
			};
			name = Debug;
		};
		2210DB09250156A300459603 /* Release */ = {
			isa = XCBuildConfiguration;
			buildSettings = {
				ASSETCATALOG_COMPILER_APPICON_NAME = AppIcon;
				CODE_SIGN_ENTITLEMENTS = DSExchange/DSExchange.entitlements;
				CODE_SIGN_STYLE = Automatic;
				DEVELOPMENT_ASSET_PATHS = "\"DSExchange/Preview Content\"";
				DEVELOPMENT_TEAM = 95TGYLRZP6;
				ENABLE_PREVIEWS = YES;
				INFOPLIST_FILE = DSExchange/Info.plist;
				IPHONEOS_DEPLOYMENT_TARGET = 13.0;
				LD_RUNPATH_SEARCH_PATHS = (
					"$(inherited)",
					"@executable_path/Frameworks",
				);
				PRODUCT_BUNDLE_IDENTIFIER = com.shanjinur.DSExchange;
				PRODUCT_NAME = "$(TARGET_NAME)";
				SUPPORTS_MACCATALYST = NO;
				SWIFT_VERSION = 5.0;
				TARGETED_DEVICE_FAMILY = 2;
			};
			name = Release;
		};
/* End XCBuildConfiguration section */

/* Begin XCConfigurationList section */
		2210DAEE2501569E00459603 /* Build configuration list for PBXProject "DSExchange" */ = {
			isa = XCConfigurationList;
			buildConfigurations = (
				2210DB05250156A300459603 /* Debug */,
				2210DB06250156A300459603 /* Release */,
			);
			defaultConfigurationIsVisible = 0;
			defaultConfigurationName = Release;
		};
		2210DB07250156A300459603 /* Build configuration list for PBXNativeTarget "DSExchange" */ = {
			isa = XCConfigurationList;
			buildConfigurations = (
				2210DB08250156A300459603 /* Debug */,
				2210DB09250156A300459603 /* Release */,
			);
			defaultConfigurationIsVisible = 0;
			defaultConfigurationName = Release;
		};
/* End XCConfigurationList section */

/* Begin XCRemoteSwiftPackageReference section */
		2210DB2B25026F8100459603 /* XCRemoteSwiftPackageReference "SQLite.swift" */ = {
			isa = XCRemoteSwiftPackageReference;
			repositoryURL = "https://github.com/stephencelis/SQLite.swift.git";
			requirement = {
				kind = upToNextMajorVersion;
				minimumVersion = 0.12.2;
			};
		};
		226489D32502C36C006E5C61 /* XCRemoteSwiftPackageReference "ChartView" */ = {
			isa = XCRemoteSwiftPackageReference;
			repositoryURL = "https://github.com/AppPear/ChartView";
			requirement = {
				kind = upToNextMajorVersion;
				minimumVersion = 1.5.4;
			};
		};
/* End XCRemoteSwiftPackageReference section */

/* Begin XCSwiftPackageProductDependency section */
		2210DB2C25026F8100459603 /* SQLite */ = {
			isa = XCSwiftPackageProductDependency;
			package = 2210DB2B25026F8100459603 /* XCRemoteSwiftPackageReference "SQLite.swift" */;
			productName = SQLite;
		};
		226489D42502C36C006E5C61 /* SwiftUICharts */ = {
			isa = XCSwiftPackageProductDependency;
			package = 226489D32502C36C006E5C61 /* XCRemoteSwiftPackageReference "ChartView" */;
			productName = SwiftUICharts;
		};
/* End XCSwiftPackageProductDependency section */
	};
	rootObject = 2210DAEB2501569E00459603 /* Project object */;
}
